
Microsoft Visual Studio Solution File, Format Version 12.00
# Visual Studio Version 16
VisualStudioVersion = 16.0.31402.337
MinimumVisualStudioVersion = 10.0.40219.1
Project("{9A19103F-16F7-4668-BE54-9A1E7A4F7556}") = "Azihub.GlobalData.Base", "Src\Azihub.GlobalData.Base\Azihub.GlobalData.Base.csproj", "{C666F68D-E2F4-42F1-8B4C-60CC0E7FA6D1}"
EndProject
Project("{9A19103F-16F7-4668-BE54-9A1E7A4F7556}") = "Azihub.GlobalData.Base.Tests", "Src\Azihub.GlobalData.Base.Tests\Azihub.GlobalData.Base.Tests.csproj", "{703E5905-32F2-442D-9C7B-963B537A02B8}"
EndProject
Project("{9A19103F-16F7-4668-BE54-9A1E7A4F7556}") = "Azihub.GlobalData.Banking", "Src\Azihub.GlobalData.Banks\Azihub.GlobalData.Banking.csproj", "{3A00AA65-8B98-4DC0-8E39-CC0F53D942F0}"
EndProject
Project("{2150E333-8FDC-42A3-9474-1A3956D46DE8}") = "Solution Items", "Solution Items", "{B41A55C0-5721-4B86-9DC3-91C17619D84E}"
	ProjectSection(SolutionItems) = preProject
		LICENSE.md = LICENSE.md
		README.md = README.md
	EndProjectSection
EndProject
Project("{FAE04EC0-301F-11D3-BF4B-00C04F79EFBC}") = "Azihub.GlobalData.Validators", "Src\Azihub.GlobalData.Validators\Azihub.GlobalData.Validators.csproj", "{D9C73C03-9F14-4435-81B7-651BB472C9AB}"
EndProject
Project("{FAE04EC0-301F-11D3-BF4B-00C04F79EFBC}") = "Azihub.GlobalData.Validators.Tests", "Src\Azihub.GlobalData.Validators.Tests\Azihub.GlobalData.Validators.Tests.csproj", "{128EF6C7-F7B8-40A7-9A92-C5AE61B1966B}"
EndProject
Project("{FAE04EC0-301F-11D3-BF4B-00C04F79EFBC}") = "Azihub.GlobalData.Updater", "Src\Azihub.GlobalData.Updater", "{9511A660-A14B-4A4C-B612-4D94BEF5D782}"
EndProject
Project("{9A19103F-16F7-4668-BE54-9A1E7A4F7556}") = "Azihub.Utilities.Base", "..\appstract-csharp\azihub-utilities-base-csharp\Azihub.Utilities.Base\Azihub.Utilities.Base.csproj", "{E3484477-71EC-4F48-B43A-55FC4E80318C}"
EndProject
Project("{FAE04EC0-301F-11D3-BF4B-00C04F79EFBC}") = "Azihub.GlobalData.Banking.Tests", "Azihub.GlobalData.Banking.Tests\Azihub.GlobalData.Banking.Tests.csproj", "{3AC27037-B116-49BD-8A36-CEC23951F050}"
EndProject
Global
	GlobalSection(SolutionConfigurationPlatforms) = preSolution
		Debug|Any CPU = Debug|Any CPU
		Release|Any CPU = Release|Any CPU
	EndGlobalSection
	GlobalSection(ProjectConfigurationPlatforms) = postSolution
		{C666F68D-E2F4-42F1-8B4C-60CC0E7FA6D1}.Debug|Any CPU.ActiveCfg = Debug|Any CPU
		{C666F68D-E2F4-42F1-8B4C-60CC0E7FA6D1}.Debug|Any CPU.Build.0 = Debug|Any CPU
		{C666F68D-E2F4-42F1-8B4C-60CC0E7FA6D1}.Release|Any CPU.ActiveCfg = Release|Any CPU
		{C666F68D-E2F4-42F1-8B4C-60CC0E7FA6D1}.Release|Any CPU.Build.0 = Release|Any CPU
		{703E5905-32F2-442D-9C7B-963B537A02B8}.Debug|Any CPU.ActiveCfg = Debug|Any CPU
		{703E5905-32F2-442D-9C7B-963B537A02B8}.Debug|Any CPU.Build.0 = Debug|Any CPU
		{703E5905-32F2-442D-9C7B-963B537A02B8}.Release|Any CPU.ActiveCfg = Release|Any CPU
		{703E5905-32F2-442D-9C7B-963B537A02B8}.Release|Any CPU.Build.0 = Release|Any CPU
		{3A00AA65-8B98-4DC0-8E39-CC0F53D942F0}.Debug|Any CPU.ActiveCfg = Debug|Any CPU
		{3A00AA65-8B98-4DC0-8E39-CC0F53D942F0}.Debug|Any CPU.Build.0 = Debug|Any CPU
		{3A00AA65-8B98-4DC0-8E39-CC0F53D942F0}.Release|Any CPU.ActiveCfg = Release|Any CPU
		{3A00AA65-8B98-4DC0-8E39-CC0F53D942F0}.Release|Any CPU.Build.0 = Release|Any CPU
		{D9C73C03-9F14-4435-81B7-651BB472C9AB}.Debug|Any CPU.ActiveCfg = Debug|Any CPU
		{D9C73C03-9F14-4435-81B7-651BB472C9AB}.Debug|Any CPU.Build.0 = Debug|Any CPU
		{D9C73C03-9F14-4435-81B7-651BB472C9AB}.Release|Any CPU.ActiveCfg = Release|Any CPU
		{D9C73C03-9F14-4435-81B7-651BB472C9AB}.Release|Any CPU.Build.0 = Release|Any CPU
		{128EF6C7-F7B8-40A7-9A92-C5AE61B1966B}.Debug|Any CPU.ActiveCfg = Debug|Any CPU
		{128EF6C7-F7B8-40A7-9A92-C5AE61B1966B}.Debug|Any CPU.Build.0 = Debug|Any CPU
		{128EF6C7-F7B8-40A7-9A92-C5AE61B1966B}.Release|Any CPU.ActiveCfg = Release|Any CPU
		{128EF6C7-F7B8-40A7-9A92-C5AE61B1966B}.Release|Any CPU.Build.0 = Release|Any CPU
		{9511A660-A14B-4A4C-B612-4D94BEF5D782}.Debug|Any CPU.ActiveCfg = Debug|Any CPU
		{9511A660-A14B-4A4C-B612-4D94BEF5D782}.Debug|Any CPU.Build.0 = Debug|Any CPU
		{9511A660-A14B-4A4C-B612-4D94BEF5D782}.Release|Any CPU.ActiveCfg = Release|Any CPU
		{9511A660-A14B-4A4C-B612-4D94BEF5D782}.Release|Any CPU.Build.0 = Release|Any CPU
		{E3484477-71EC-4F48-B43A-55FC4E80318C}.Debug|Any CPU.ActiveCfg = Debug|Any CPU
		{E3484477-71EC-4F48-B43A-55FC4E80318C}.Debug|Any CPU.Build.0 = Debug|Any CPU
		{E3484477-71EC-4F48-B43A-55FC4E80318C}.Release|Any CPU.ActiveCfg = Release|Any CPU
		{E3484477-71EC-4F48-B43A-55FC4E80318C}.Release|Any CPU.Build.0 = Release|Any CPU
		{3AC27037-B116-49BD-8A36-CEC23951F050}.Debug|Any CPU.ActiveCfg = Debug|Any CPU
		{3AC27037-B116-49BD-8A36-CEC23951F050}.Debug|Any CPU.Build.0 = Debug|Any CPU
		{3AC27037-B116-49BD-8A36-CEC23951F050}.Release|Any CPU.ActiveCfg = Release|Any CPU
		{3AC27037-B116-49BD-8A36-CEC23951F050}.Release|Any CPU.Build.0 = Release|Any CPU
	EndGlobalSection
	GlobalSection(SolutionProperties) = preSolution
		HideSolutionNode = FALSE
	EndGlobalSection
	GlobalSection(ExtensibilityGlobals) = postSolution
		SolutionGuid = {FDB55E6E-AB64-46F5-9BB8-46FC8AB28DB4}
	EndGlobalSection
EndGlobal
